// !$*UTF8*$!
{
	archiveVersion = 1;
	classes = {
	};
	objectVersion = 46;
	objects = {

/* Begin PBXBuildFile section */
		4C25FFA61C03B7E200B5C8E3 /* Book+CoreDataProperties.m in Sources */ = {isa = PBXBuildFile; fileRef = 4C25FFA31C03B7E200B5C8E3 /* Book+CoreDataProperties.m */; };
		4C25FFA71C03B7E200B5C8E3 /* Book.m in Sources */ = {isa = PBXBuildFile; fileRef = 4C25FFA51C03B7E200B5C8E3 /* Book.m */; };
		4C25FFAB1C03B83B00B5C8E3 /* PGBDataStore.m in Sources */ = {isa = PBXBuildFile; fileRef = 4C25FFAA1C03B83B00B5C8E3 /* PGBDataStore.m */; };
		4C5D94791BFE2E3E0086DB5F /* MyBooksStoryboard.storyboard in Resources */ = {isa = PBXBuildFile; fileRef = 4C5D94781BFE2E3E0086DB5F /* MyBooksStoryboard.storyboard */; };
		4C5D947E1BFE389A0086DB5F /* PGBMyBookViewController.m in Sources */ = {isa = PBXBuildFile; fileRef = 4C5D947D1BFE389A0086DB5F /* PGBMyBookViewController.m */; };
		4C9597AB1BFBEB2000BBD558 /* PGBRealmUser.m in Sources */ = {isa = PBXBuildFile; fileRef = 4C9597A81BFBEB2000BBD558 /* PGBRealmUser.m */; };
		4C9597AC1BFBEB2000BBD558 /* PGBRealmBook.m in Sources */ = {isa = PBXBuildFile; fileRef = 4C9597AA1BFBEB2000BBD558 /* PGBRealmBook.m */; };
		4C9D16631C0CF04800DBF989 /* PGBSearchViewController.m in Sources */ = {isa = PBXBuildFile; fileRef = 4C9D16621C0CF04800DBF989 /* PGBSearchViewController.m */; };
		4C9D16651C0CF07600DBF989 /* SearchStoryboard.storyboard in Resources */ = {isa = PBXBuildFile; fileRef = 4C9D16641C0CF07600DBF989 /* SearchStoryboard.storyboard */; };
		7AA794A04ED5426536CC6469 /* libPods-ProjectBook.a in Frameworks */ = {isa = PBXBuildFile; fileRef = CFBD00D8A34A37FEA507AA3C /* libPods-ProjectBook.a */; };
		8902002D1C0CA900001A1ECF /* PGBLoginViewController.m in Sources */ = {isa = PBXBuildFile; fileRef = 8902002C1C0CA900001A1ECF /* PGBLoginViewController.m */; };
		890200301C0CAA10001A1ECF /* PGBSignUpViewController.m in Sources */ = {isa = PBXBuildFile; fileRef = 8902002F1C0CAA10001A1ECF /* PGBSignUpViewController.m */; };
		890200321C0CF4EB001A1ECF /* profile.storyboard in Resources */ = {isa = PBXBuildFile; fileRef = 890200311C0CF4EB001A1ECF /* profile.storyboard */; };
		890200351C0CFD08001A1ECF /* PGBProfileViewController.m in Sources */ = {isa = PBXBuildFile; fileRef = 890200341C0CFD08001A1ECF /* PGBProfileViewController.m */; };
		899A4CF51C0F660200D499C4 /* PGBSettingsTableViewController.m in Sources */ = {isa = PBXBuildFile; fileRef = 899A4CF41C0F660200D499C4 /* PGBSettingsTableViewController.m */; };
		A75AD6391C0C8FE600D4F77F /* DictionaryOfBooksFinal.rtf in Resources */ = {isa = PBXBuildFile; fileRef = A75AD6381C0C8FE600D4F77F /* DictionaryOfBooksFinal.rtf */; };
		A77A08F91BFBE78700CA62F8 /* PGBparsingThroughText.m in Sources */ = {isa = PBXBuildFile; fileRef = A77A08F81BFBE78700CA62F8 /* PGBparsingThroughText.m */; };
		A7CCEBBA1C0CBF8E00CD9B8D /* ProjectBook.sqlite in Resources */ = {isa = PBXBuildFile; fileRef = A7CCEBB91C0CBF8E00CD9B8D /* ProjectBook.sqlite */; };
		A7DD3FFB1C03717100D13A4B /* bookInformationSet1.txt in Resources */ = {isa = PBXBuildFile; fileRef = A7DD3FE71C03717100D13A4B /* bookInformationSet1.txt */; };
		A7DD3FFC1C03717100D13A4B /* bookInformationSet2.txt in Resources */ = {isa = PBXBuildFile; fileRef = A7DD3FE81C03717100D13A4B /* bookInformationSet2.txt */; };
		A7DD3FFD1C03717100D13A4B /* bookInformationSet3.txt in Resources */ = {isa = PBXBuildFile; fileRef = A7DD3FE91C03717100D13A4B /* bookInformationSet3.txt */; };
		A7DD3FFE1C03717100D13A4B /* bookInformationSet4.txt in Resources */ = {isa = PBXBuildFile; fileRef = A7DD3FEA1C03717100D13A4B /* bookInformationSet4.txt */; };
		A7DD3FFF1C03717100D13A4B /* bookInformationSet5.txt in Resources */ = {isa = PBXBuildFile; fileRef = A7DD3FEB1C03717100D13A4B /* bookInformationSet5.txt */; };
		A7DD40001C03717100D13A4B /* bookInformationSet6.txt in Resources */ = {isa = PBXBuildFile; fileRef = A7DD3FEC1C03717100D13A4B /* bookInformationSet6.txt */; };
		A7DD40011C03717100D13A4B /* bookInformationSet7.txt in Resources */ = {isa = PBXBuildFile; fileRef = A7DD3FED1C03717100D13A4B /* bookInformationSet7.txt */; };
		A7DD40021C03717100D13A4B /* bookInformationSet8.txt in Resources */ = {isa = PBXBuildFile; fileRef = A7DD3FEE1C03717100D13A4B /* bookInformationSet8.txt */; };
		A7DD40031C03717100D13A4B /* bookInformationSet9.txt in Resources */ = {isa = PBXBuildFile; fileRef = A7DD3FEF1C03717100D13A4B /* bookInformationSet9.txt */; };
		A7DD40041C03717100D13A4B /* bookInformationSet10.txt in Resources */ = {isa = PBXBuildFile; fileRef = A7DD3FF01C03717100D13A4B /* bookInformationSet10.txt */; };
		A7DD40051C03717100D13A4B /* bookInformationSet11.txt in Resources */ = {isa = PBXBuildFile; fileRef = A7DD3FF11C03717100D13A4B /* bookInformationSet11.txt */; };
		A7DD40061C03717100D13A4B /* bookInformationSet12.txt in Resources */ = {isa = PBXBuildFile; fileRef = A7DD3FF21C03717100D13A4B /* bookInformationSet12.txt */; };
		A7DD40071C03717100D13A4B /* bookInformationSet13.txt in Resources */ = {isa = PBXBuildFile; fileRef = A7DD3FF31C03717100D13A4B /* bookInformationSet13.txt */; };
		A7DD40081C03717100D13A4B /* bookInformationSet14.txt in Resources */ = {isa = PBXBuildFile; fileRef = A7DD3FF41C03717100D13A4B /* bookInformationSet14.txt */; };
		A7DD40091C03717100D13A4B /* bookInformationSet15.txt in Resources */ = {isa = PBXBuildFile; fileRef = A7DD3FF51C03717100D13A4B /* bookInformationSet15.txt */; };
		A7DD400A1C03717100D13A4B /* bookInformationSet16.txt in Resources */ = {isa = PBXBuildFile; fileRef = A7DD3FF61C03717100D13A4B /* bookInformationSet16.txt */; };
		A7DD400B1C03717100D13A4B /* bookInformationSet17.txt in Resources */ = {isa = PBXBuildFile; fileRef = A7DD3FF71C03717100D13A4B /* bookInformationSet17.txt */; };
		A7DD400C1C03717100D13A4B /* bookInformationSet18.txt in Resources */ = {isa = PBXBuildFile; fileRef = A7DD3FF81C03717100D13A4B /* bookInformationSet18.txt */; };
		A7DD400D1C03717100D13A4B /* bookInformationSet19.txt in Resources */ = {isa = PBXBuildFile; fileRef = A7DD3FF91C03717100D13A4B /* bookInformationSet19.txt */; };
		A7DD400E1C03717100D13A4B /* bookInformationSet20.txt in Resources */ = {isa = PBXBuildFile; fileRef = A7DD3FFA1C03717100D13A4B /* bookInformationSet20.txt */; };
		CB3C079C1C05063A00235D78 /* book.gif in Resources */ = {isa = PBXBuildFile; fileRef = CB3C07951C05063A00235D78 /* book.gif */; };
		CB3C079D1C05063A00235D78 /* hopper.gif in Resources */ = {isa = PBXBuildFile; fileRef = CB3C07961C05063A00235D78 /* hopper.gif */; };
		CB3C079E1C05063A00235D78 /* hoppers.gif in Resources */ = {isa = PBXBuildFile; fileRef = CB3C07971C05063A00235D78 /* hoppers.gif */; };
		CB3C079F1C05063A00235D78 /* PGBGoodreadsAPIClient.m in Sources */ = {isa = PBXBuildFile; fileRef = CB3C07991C05063A00235D78 /* PGBGoodreadsAPIClient.m */; };
		CB3C07A01C05063A00235D78 /* PGBIntroViewController.m in Sources */ = {isa = PBXBuildFile; fileRef = CB3C079B1C05063A00235D78 /* PGBIntroViewController.m */; };
		CBF2C61A1BFD0DC600BCBCDD /* PGBBookCustomTableCell.m in Sources */ = {isa = PBXBuildFile; fileRef = CBF2C6191BFD0DC600BCBCDD /* PGBBookCustomTableCell.m */; };
		CBF2C61C1BFD0E0300BCBCDD /* PGBBookCustomTableCell.xib in Resources */ = {isa = PBXBuildFile; fileRef = CBF2C61B1BFD0E0300BCBCDD /* PGBBookCustomTableCell.xib */; };
		CBF2C61F1BFD1FF300BCBCDD /* PGBHomeViewController.m in Sources */ = {isa = PBXBuildFile; fileRef = CBF2C61E1BFD1FF300BCBCDD /* PGBHomeViewController.m */; };
		CBFD3F5B1BFBA076002CE0A4 /* main.m in Sources */ = {isa = PBXBuildFile; fileRef = CBFD3F5A1BFBA076002CE0A4 /* main.m */; };
		CBFD3F5E1BFBA076002CE0A4 /* AppDelegate.m in Sources */ = {isa = PBXBuildFile; fileRef = CBFD3F5D1BFBA076002CE0A4 /* AppDelegate.m */; };
		CBFD3F611BFBA076002CE0A4 /* PGBBookPageViewController.m in Sources */ = {isa = PBXBuildFile; fileRef = CBFD3F601BFBA076002CE0A4 /* PGBBookPageViewController.m */; };
		CBFD3F641BFBA076002CE0A4 /* Main.storyboard in Resources */ = {isa = PBXBuildFile; fileRef = CBFD3F621BFBA076002CE0A4 /* Main.storyboard */; };
		CBFD3F671BFBA076002CE0A4 /* ProjectBook.xcdatamodeld in Sources */ = {isa = PBXBuildFile; fileRef = CBFD3F651BFBA076002CE0A4 /* ProjectBook.xcdatamodeld */; };
		CBFD3F691BFBA077002CE0A4 /* Assets.xcassets in Resources */ = {isa = PBXBuildFile; fileRef = CBFD3F681BFBA077002CE0A4 /* Assets.xcassets */; };
		CBFD3F6C1BFBA077002CE0A4 /* LaunchScreen.storyboard in Resources */ = {isa = PBXBuildFile; fileRef = CBFD3F6A1BFBA077002CE0A4 /* LaunchScreen.storyboard */; };
		CBFD3F771BFBA077002CE0A4 /* ProjectBookTests.m in Sources */ = {isa = PBXBuildFile; fileRef = CBFD3F761BFBA077002CE0A4 /* ProjectBookTests.m */; };
		CBFD3F821BFBA077002CE0A4 /* ProjectBookUITests.m in Sources */ = {isa = PBXBuildFile; fileRef = CBFD3F811BFBA077002CE0A4 /* ProjectBookUITests.m */; };
		CBFD3F911BFBB250002CE0A4 /* PGBDownloadHelper.m in Sources */ = {isa = PBXBuildFile; fileRef = CBFD3F901BFBB250002CE0A4 /* PGBDownloadHelper.m */; };
/* End PBXBuildFile section */

/* Begin PBXContainerItemProxy section */
		CBFD3F731BFBA077002CE0A4 /* PBXContainerItemProxy */ = {
			isa = PBXContainerItemProxy;
			containerPortal = CBFD3F4E1BFBA076002CE0A4 /* Project object */;
			proxyType = 1;
			remoteGlobalIDString = CBFD3F551BFBA076002CE0A4;
			remoteInfo = ProjectBook;
		};
		CBFD3F7E1BFBA077002CE0A4 /* PBXContainerItemProxy */ = {
			isa = PBXContainerItemProxy;
			containerPortal = CBFD3F4E1BFBA076002CE0A4 /* Project object */;
			proxyType = 1;
			remoteGlobalIDString = CBFD3F551BFBA076002CE0A4;
			remoteInfo = ProjectBook;
		};
/* End PBXContainerItemProxy section */

/* Begin PBXFileReference section */
		4C25FFA21C03B7E200B5C8E3 /* Book+CoreDataProperties.h */ = {isa = PBXFileReference; fileEncoding = 4; lastKnownFileType = sourcecode.c.h; path = "Book+CoreDataProperties.h"; sourceTree = "<group>"; };
		4C25FFA31C03B7E200B5C8E3 /* Book+CoreDataProperties.m */ = {isa = PBXFileReference; fileEncoding = 4; lastKnownFileType = sourcecode.c.objc; path = "Book+CoreDataProperties.m"; sourceTree = "<group>"; };
		4C25FFA41C03B7E200B5C8E3 /* Book.h */ = {isa = PBXFileReference; fileEncoding = 4; lastKnownFileType = sourcecode.c.h; path = Book.h; sourceTree = "<group>"; };
		4C25FFA51C03B7E200B5C8E3 /* Book.m */ = {isa = PBXFileReference; fileEncoding = 4; lastKnownFileType = sourcecode.c.objc; path = Book.m; sourceTree = "<group>"; };
		4C25FFA91C03B83B00B5C8E3 /* PGBDataStore.h */ = {isa = PBXFileReference; fileEncoding = 4; lastKnownFileType = sourcecode.c.h; path = PGBDataStore.h; sourceTree = "<group>"; };
		4C25FFAA1C03B83B00B5C8E3 /* PGBDataStore.m */ = {isa = PBXFileReference; fileEncoding = 4; lastKnownFileType = sourcecode.c.objc; path = PGBDataStore.m; sourceTree = "<group>"; };
		4C5D94781BFE2E3E0086DB5F /* MyBooksStoryboard.storyboard */ = {isa = PBXFileReference; fileEncoding = 4; lastKnownFileType = file.storyboard; path = MyBooksStoryboard.storyboard; sourceTree = "<group>"; };
		4C5D947C1BFE389A0086DB5F /* PGBMyBookViewController.h */ = {isa = PBXFileReference; fileEncoding = 4; lastKnownFileType = sourcecode.c.h; path = PGBMyBookViewController.h; sourceTree = "<group>"; };
		4C5D947D1BFE389A0086DB5F /* PGBMyBookViewController.m */ = {isa = PBXFileReference; fileEncoding = 4; lastKnownFileType = sourcecode.c.objc; path = PGBMyBookViewController.m; sourceTree = "<group>"; };
		4C9597A71BFBEB2000BBD558 /* PGBRealmUser.h */ = {isa = PBXFileReference; fileEncoding = 4; lastKnownFileType = sourcecode.c.h; path = PGBRealmUser.h; sourceTree = "<group>"; };
		4C9597A81BFBEB2000BBD558 /* PGBRealmUser.m */ = {isa = PBXFileReference; fileEncoding = 4; lastKnownFileType = sourcecode.c.objc; path = PGBRealmUser.m; sourceTree = "<group>"; };
		4C9597A91BFBEB2000BBD558 /* PGBRealmBook.h */ = {isa = PBXFileReference; fileEncoding = 4; lastKnownFileType = sourcecode.c.h; path = PGBRealmBook.h; sourceTree = "<group>"; };
		4C9597AA1BFBEB2000BBD558 /* PGBRealmBook.m */ = {isa = PBXFileReference; fileEncoding = 4; lastKnownFileType = sourcecode.c.objc; path = PGBRealmBook.m; sourceTree = "<group>"; };
		4C9D16611C0CF04800DBF989 /* PGBSearchViewController.h */ = {isa = PBXFileReference; fileEncoding = 4; lastKnownFileType = sourcecode.c.h; path = PGBSearchViewController.h; sourceTree = "<group>"; };
		4C9D16621C0CF04800DBF989 /* PGBSearchViewController.m */ = {isa = PBXFileReference; fileEncoding = 4; lastKnownFileType = sourcecode.c.objc; path = PGBSearchViewController.m; sourceTree = "<group>"; };
		4C9D16641C0CF07600DBF989 /* SearchStoryboard.storyboard */ = {isa = PBXFileReference; fileEncoding = 4; lastKnownFileType = file.storyboard; path = SearchStoryboard.storyboard; sourceTree = "<group>"; };
		8902002B1C0CA900001A1ECF /* PGBLoginViewController.h */ = {isa = PBXFileReference; fileEncoding = 4; lastKnownFileType = sourcecode.c.h; path = PGBLoginViewController.h; sourceTree = "<group>"; };
		8902002C1C0CA900001A1ECF /* PGBLoginViewController.m */ = {isa = PBXFileReference; fileEncoding = 4; lastKnownFileType = sourcecode.c.objc; path = PGBLoginViewController.m; sourceTree = "<group>"; };
		8902002E1C0CAA10001A1ECF /* PGBSignUpViewController.h */ = {isa = PBXFileReference; fileEncoding = 4; lastKnownFileType = sourcecode.c.h; path = PGBSignUpViewController.h; sourceTree = "<group>"; };
		8902002F1C0CAA10001A1ECF /* PGBSignUpViewController.m */ = {isa = PBXFileReference; fileEncoding = 4; lastKnownFileType = sourcecode.c.objc; path = PGBSignUpViewController.m; sourceTree = "<group>"; };
		890200311C0CF4EB001A1ECF /* profile.storyboard */ = {isa = PBXFileReference; fileEncoding = 4; lastKnownFileType = file.storyboard; path = profile.storyboard; sourceTree = "<group>"; };
		890200331C0CFD08001A1ECF /* PGBProfileViewController.h */ = {isa = PBXFileReference; fileEncoding = 4; lastKnownFileType = sourcecode.c.h; path = PGBProfileViewController.h; sourceTree = "<group>"; };
		890200341C0CFD08001A1ECF /* PGBProfileViewController.m */ = {isa = PBXFileReference; fileEncoding = 4; lastKnownFileType = sourcecode.c.objc; path = PGBProfileViewController.m; sourceTree = "<group>"; };
		899A4CF31C0F660200D499C4 /* PGBSettingsTableViewController.h */ = {isa = PBXFileReference; fileEncoding = 4; lastKnownFileType = sourcecode.c.h; path = PGBSettingsTableViewController.h; sourceTree = "<group>"; };
		899A4CF41C0F660200D499C4 /* PGBSettingsTableViewController.m */ = {isa = PBXFileReference; fileEncoding = 4; lastKnownFileType = sourcecode.c.objc; path = PGBSettingsTableViewController.m; sourceTree = "<group>"; };
		89DF0C4F1BFCDF1500E0096F /* ParseFacebookUtils.framework */ = {isa = PBXFileReference; lastKnownFileType = wrapper.framework; name = ParseFacebookUtils.framework; path = "../../../Desktop/parse-library-1.9.1 (2)/ParseFacebookUtils.framework"; sourceTree = "<group>"; };
		9F9EB7044D37743BC3F8BBF8 /* Pods-ProjectBook.release.xcconfig */ = {isa = PBXFileReference; includeInIndex = 1; lastKnownFileType = text.xcconfig; name = "Pods-ProjectBook.release.xcconfig"; path = "Pods/Target Support Files/Pods-ProjectBook/Pods-ProjectBook.release.xcconfig"; sourceTree = "<group>"; };
		A75AD6381C0C8FE600D4F77F /* DictionaryOfBooksFinal.rtf */ = {isa = PBXFileReference; fileEncoding = 4; lastKnownFileType = text.rtf; path = DictionaryOfBooksFinal.rtf; sourceTree = "<group>"; };
		A77A08F71BFBE78700CA62F8 /* PGBparsingThroughText.h */ = {isa = PBXFileReference; fileEncoding = 4; lastKnownFileType = sourcecode.c.h; path = PGBparsingThroughText.h; sourceTree = "<group>"; };
		A77A08F81BFBE78700CA62F8 /* PGBparsingThroughText.m */ = {isa = PBXFileReference; fileEncoding = 4; lastKnownFileType = sourcecode.c.objc; path = PGBparsingThroughText.m; sourceTree = "<group>"; };
		A7CCEBB91C0CBF8E00CD9B8D /* ProjectBook.sqlite */ = {isa = PBXFileReference; lastKnownFileType = file; path = ProjectBook.sqlite; sourceTree = "<group>"; };
		A7DD3FE71C03717100D13A4B /* bookInformationSet1.txt */ = {isa = PBXFileReference; fileEncoding = 4; lastKnownFileType = text; path = bookInformationSet1.txt; sourceTree = "<group>"; };
		A7DD3FE81C03717100D13A4B /* bookInformationSet2.txt */ = {isa = PBXFileReference; fileEncoding = 4; lastKnownFileType = text; path = bookInformationSet2.txt; sourceTree = "<group>"; };
		A7DD3FE91C03717100D13A4B /* bookInformationSet3.txt */ = {isa = PBXFileReference; fileEncoding = 4; lastKnownFileType = text; path = bookInformationSet3.txt; sourceTree = "<group>"; };
		A7DD3FEA1C03717100D13A4B /* bookInformationSet4.txt */ = {isa = PBXFileReference; fileEncoding = 4; lastKnownFileType = text; path = bookInformationSet4.txt; sourceTree = "<group>"; };
		A7DD3FEB1C03717100D13A4B /* bookInformationSet5.txt */ = {isa = PBXFileReference; fileEncoding = 4; lastKnownFileType = text; path = bookInformationSet5.txt; sourceTree = "<group>"; };
		A7DD3FEC1C03717100D13A4B /* bookInformationSet6.txt */ = {isa = PBXFileReference; fileEncoding = 4; lastKnownFileType = text; path = bookInformationSet6.txt; sourceTree = "<group>"; };
		A7DD3FED1C03717100D13A4B /* bookInformationSet7.txt */ = {isa = PBXFileReference; fileEncoding = 4; lastKnownFileType = text; path = bookInformationSet7.txt; sourceTree = "<group>"; };
		A7DD3FEE1C03717100D13A4B /* bookInformationSet8.txt */ = {isa = PBXFileReference; fileEncoding = 4; lastKnownFileType = text; path = bookInformationSet8.txt; sourceTree = "<group>"; };
		A7DD3FEF1C03717100D13A4B /* bookInformationSet9.txt */ = {isa = PBXFileReference; fileEncoding = 4; lastKnownFileType = text; path = bookInformationSet9.txt; sourceTree = "<group>"; };
		A7DD3FF01C03717100D13A4B /* bookInformationSet10.txt */ = {isa = PBXFileReference; fileEncoding = 4; lastKnownFileType = text; path = bookInformationSet10.txt; sourceTree = "<group>"; };
		A7DD3FF11C03717100D13A4B /* bookInformationSet11.txt */ = {isa = PBXFileReference; fileEncoding = 4; lastKnownFileType = text; path = bookInformationSet11.txt; sourceTree = "<group>"; };
		A7DD3FF21C03717100D13A4B /* bookInformationSet12.txt */ = {isa = PBXFileReference; fileEncoding = 4; lastKnownFileType = text; path = bookInformationSet12.txt; sourceTree = "<group>"; };
		A7DD3FF31C03717100D13A4B /* bookInformationSet13.txt */ = {isa = PBXFileReference; fileEncoding = 4; lastKnownFileType = text; path = bookInformationSet13.txt; sourceTree = "<group>"; };
		A7DD3FF41C03717100D13A4B /* bookInformationSet14.txt */ = {isa = PBXFileReference; fileEncoding = 4; lastKnownFileType = text; path = bookInformationSet14.txt; sourceTree = "<group>"; };
		A7DD3FF51C03717100D13A4B /* bookInformationSet15.txt */ = {isa = PBXFileReference; fileEncoding = 4; lastKnownFileType = text; path = bookInformationSet15.txt; sourceTree = "<group>"; };
		A7DD3FF61C03717100D13A4B /* bookInformationSet16.txt */ = {isa = PBXFileReference; fileEncoding = 4; lastKnownFileType = text; path = bookInformationSet16.txt; sourceTree = "<group>"; };
		A7DD3FF71C03717100D13A4B /* bookInformationSet17.txt */ = {isa = PBXFileReference; fileEncoding = 4; lastKnownFileType = text; path = bookInformationSet17.txt; sourceTree = "<group>"; };
		A7DD3FF81C03717100D13A4B /* bookInformationSet18.txt */ = {isa = PBXFileReference; fileEncoding = 4; lastKnownFileType = text; path = bookInformationSet18.txt; sourceTree = "<group>"; };
		A7DD3FF91C03717100D13A4B /* bookInformationSet19.txt */ = {isa = PBXFileReference; fileEncoding = 4; lastKnownFileType = text; path = bookInformationSet19.txt; sourceTree = "<group>"; };
		A7DD3FFA1C03717100D13A4B /* bookInformationSet20.txt */ = {isa = PBXFileReference; fileEncoding = 4; lastKnownFileType = text; path = bookInformationSet20.txt; sourceTree = "<group>"; };
		CB3C07951C05063A00235D78 /* book.gif */ = {isa = PBXFileReference; lastKnownFileType = image.gif; path = book.gif; sourceTree = "<group>"; };
		CB3C07961C05063A00235D78 /* hopper.gif */ = {isa = PBXFileReference; lastKnownFileType = image.gif; path = hopper.gif; sourceTree = "<group>"; };
		CB3C07971C05063A00235D78 /* hoppers.gif */ = {isa = PBXFileReference; lastKnownFileType = image.gif; path = hoppers.gif; sourceTree = "<group>"; };
		CB3C07981C05063A00235D78 /* PGBGoodreadsAPIClient.h */ = {isa = PBXFileReference; fileEncoding = 4; lastKnownFileType = sourcecode.c.h; path = PGBGoodreadsAPIClient.h; sourceTree = "<group>"; };
		CB3C07991C05063A00235D78 /* PGBGoodreadsAPIClient.m */ = {isa = PBXFileReference; fileEncoding = 4; lastKnownFileType = sourcecode.c.objc; path = PGBGoodreadsAPIClient.m; sourceTree = "<group>"; };
		CB3C079A1C05063A00235D78 /* PGBIntroViewController.h */ = {isa = PBXFileReference; fileEncoding = 4; lastKnownFileType = sourcecode.c.h; path = PGBIntroViewController.h; sourceTree = "<group>"; };
		CB3C079B1C05063A00235D78 /* PGBIntroViewController.m */ = {isa = PBXFileReference; fileEncoding = 4; lastKnownFileType = sourcecode.c.objc; path = PGBIntroViewController.m; sourceTree = "<group>"; };
		CBF2C6181BFD0DC600BCBCDD /* PGBBookCustomTableCell.h */ = {isa = PBXFileReference; fileEncoding = 4; lastKnownFileType = sourcecode.c.h; path = PGBBookCustomTableCell.h; sourceTree = "<group>"; };
		CBF2C6191BFD0DC600BCBCDD /* PGBBookCustomTableCell.m */ = {isa = PBXFileReference; fileEncoding = 4; lastKnownFileType = sourcecode.c.objc; path = PGBBookCustomTableCell.m; sourceTree = "<group>"; };
		CBF2C61B1BFD0E0300BCBCDD /* PGBBookCustomTableCell.xib */ = {isa = PBXFileReference; fileEncoding = 4; lastKnownFileType = file.xib; path = PGBBookCustomTableCell.xib; sourceTree = "<group>"; };
		CBF2C61D1BFD1FF300BCBCDD /* PGBHomeViewController.h */ = {isa = PBXFileReference; fileEncoding = 4; lastKnownFileType = sourcecode.c.h; path = PGBHomeViewController.h; sourceTree = "<group>"; };
		CBF2C61E1BFD1FF300BCBCDD /* PGBHomeViewController.m */ = {isa = PBXFileReference; fileEncoding = 4; lastKnownFileType = sourcecode.c.objc; path = PGBHomeViewController.m; sourceTree = "<group>"; };
		CBFD3F561BFBA076002CE0A4 /* ProjectBook.app */ = {isa = PBXFileReference; explicitFileType = wrapper.application; includeInIndex = 0; path = ProjectBook.app; sourceTree = BUILT_PRODUCTS_DIR; };
		CBFD3F5A1BFBA076002CE0A4 /* main.m */ = {isa = PBXFileReference; lastKnownFileType = sourcecode.c.objc; path = main.m; sourceTree = "<group>"; };
		CBFD3F5C1BFBA076002CE0A4 /* AppDelegate.h */ = {isa = PBXFileReference; lastKnownFileType = sourcecode.c.h; path = AppDelegate.h; sourceTree = "<group>"; };
		CBFD3F5D1BFBA076002CE0A4 /* AppDelegate.m */ = {isa = PBXFileReference; lastKnownFileType = sourcecode.c.objc; path = AppDelegate.m; sourceTree = "<group>"; };
		CBFD3F5F1BFBA076002CE0A4 /* PGBBookPageViewController.h */ = {isa = PBXFileReference; lastKnownFileType = sourcecode.c.h; path = PGBBookPageViewController.h; sourceTree = "<group>"; };
		CBFD3F601BFBA076002CE0A4 /* PGBBookPageViewController.m */ = {isa = PBXFileReference; lastKnownFileType = sourcecode.c.objc; path = PGBBookPageViewController.m; sourceTree = "<group>"; };
		CBFD3F631BFBA076002CE0A4 /* Base */ = {isa = PBXFileReference; lastKnownFileType = file.storyboard; name = Base; path = Base.lproj/Main.storyboard; sourceTree = "<group>"; };
		CBFD3F661BFBA076002CE0A4 /* ProjectBook.xcdatamodel */ = {isa = PBXFileReference; lastKnownFileType = wrapper.xcdatamodel; path = ProjectBook.xcdatamodel; sourceTree = "<group>"; };
		CBFD3F681BFBA077002CE0A4 /* Assets.xcassets */ = {isa = PBXFileReference; lastKnownFileType = folder.assetcatalog; path = Assets.xcassets; sourceTree = "<group>"; };
		CBFD3F6B1BFBA077002CE0A4 /* Base */ = {isa = PBXFileReference; lastKnownFileType = file.storyboard; name = Base; path = Base.lproj/LaunchScreen.storyboard; sourceTree = "<group>"; };
		CBFD3F6D1BFBA077002CE0A4 /* Info.plist */ = {isa = PBXFileReference; lastKnownFileType = text.plist.xml; path = Info.plist; sourceTree = "<group>"; };
		CBFD3F721BFBA077002CE0A4 /* ProjectBookTests.xctest */ = {isa = PBXFileReference; explicitFileType = wrapper.cfbundle; includeInIndex = 0; path = ProjectBookTests.xctest; sourceTree = BUILT_PRODUCTS_DIR; };
		CBFD3F761BFBA077002CE0A4 /* ProjectBookTests.m */ = {isa = PBXFileReference; lastKnownFileType = sourcecode.c.objc; path = ProjectBookTests.m; sourceTree = "<group>"; };
		CBFD3F781BFBA077002CE0A4 /* Info.plist */ = {isa = PBXFileReference; lastKnownFileType = text.plist.xml; path = Info.plist; sourceTree = "<group>"; };
		CBFD3F7D1BFBA077002CE0A4 /* ProjectBookUITests.xctest */ = {isa = PBXFileReference; explicitFileType = wrapper.cfbundle; includeInIndex = 0; path = ProjectBookUITests.xctest; sourceTree = BUILT_PRODUCTS_DIR; };
		CBFD3F811BFBA077002CE0A4 /* ProjectBookUITests.m */ = {isa = PBXFileReference; lastKnownFileType = sourcecode.c.objc; path = ProjectBookUITests.m; sourceTree = "<group>"; };
		CBFD3F831BFBA077002CE0A4 /* Info.plist */ = {isa = PBXFileReference; lastKnownFileType = text.plist.xml; path = Info.plist; sourceTree = "<group>"; };
		CBFD3F8F1BFBB250002CE0A4 /* PGBDownloadHelper.h */ = {isa = PBXFileReference; fileEncoding = 4; lastKnownFileType = sourcecode.c.h; path = PGBDownloadHelper.h; sourceTree = "<group>"; };
		CBFD3F901BFBB250002CE0A4 /* PGBDownloadHelper.m */ = {isa = PBXFileReference; fileEncoding = 4; lastKnownFileType = sourcecode.c.objc; path = PGBDownloadHelper.m; sourceTree = "<group>"; };
		CFBD00D8A34A37FEA507AA3C /* libPods-ProjectBook.a */ = {isa = PBXFileReference; explicitFileType = archive.ar; includeInIndex = 0; path = "libPods-ProjectBook.a"; sourceTree = BUILT_PRODUCTS_DIR; };
		F6D5D825C0751CEEFFC1E7B5 /* Pods-ProjectBook.debug.xcconfig */ = {isa = PBXFileReference; includeInIndex = 1; lastKnownFileType = text.xcconfig; name = "Pods-ProjectBook.debug.xcconfig"; path = "Pods/Target Support Files/Pods-ProjectBook/Pods-ProjectBook.debug.xcconfig"; sourceTree = "<group>"; };
/* End PBXFileReference section */

/* Begin PBXFrameworksBuildPhase section */
		CBFD3F531BFBA076002CE0A4 /* Frameworks */ = {
			isa = PBXFrameworksBuildPhase;
			buildActionMask = 2147483647;
			files = (
				7AA794A04ED5426536CC6469 /* libPods-ProjectBook.a in Frameworks */,
			);
			runOnlyForDeploymentPostprocessing = 0;
		};
		CBFD3F6F1BFBA077002CE0A4 /* Frameworks */ = {
			isa = PBXFrameworksBuildPhase;
			buildActionMask = 2147483647;
			files = (
			);
			runOnlyForDeploymentPostprocessing = 0;
		};
		CBFD3F7A1BFBA077002CE0A4 /* Frameworks */ = {
			isa = PBXFrameworksBuildPhase;
			buildActionMask = 2147483647;
			files = (
			);
			runOnlyForDeploymentPostprocessing = 0;
		};
/* End PBXFrameworksBuildPhase section */

/* Begin PBXGroup section */
		4106D733AAA830B3691BDA27 /* Pods */ = {
			isa = PBXGroup;
			children = (
				F6D5D825C0751CEEFFC1E7B5 /* Pods-ProjectBook.debug.xcconfig */,
				9F9EB7044D37743BC3F8BBF8 /* Pods-ProjectBook.release.xcconfig */,
			);
			name = Pods;
			sourceTree = "<group>";
		};
		4C25FFA81C03B7FF00B5C8E3 /* CoreDataModel */ = {
			isa = PBXGroup;
			children = (
				4C25FFA21C03B7E200B5C8E3 /* Book+CoreDataProperties.h */,
				4C25FFA31C03B7E200B5C8E3 /* Book+CoreDataProperties.m */,
				4C25FFA41C03B7E200B5C8E3 /* Book.h */,
				4C25FFA51C03B7E200B5C8E3 /* Book.m */,
				CBFD3F651BFBA076002CE0A4 /* ProjectBook.xcdatamodeld */,
				4C25FFA91C03B83B00B5C8E3 /* PGBDataStore.h */,
				4C25FFAA1C03B83B00B5C8E3 /* PGBDataStore.m */,
			);
			name = CoreDataModel;
			sourceTree = "<group>";
		};
		4C9597AD1BFBEB2600BBD558 /* RealmModel */ = {
			isa = PBXGroup;
			children = (
				4C9597A71BFBEB2000BBD558 /* PGBRealmUser.h */,
				4C9597A81BFBEB2000BBD558 /* PGBRealmUser.m */,
				4C9597A91BFBEB2000BBD558 /* PGBRealmBook.h */,
				4C9597AA1BFBEB2000BBD558 /* PGBRealmBook.m */,
			);
			name = RealmModel;
			sourceTree = "<group>";
		};
		67D9EF55715E7EB36B72C5A3 /* Frameworks */ = {
			isa = PBXGroup;
			children = (
				89DF0C4F1BFCDF1500E0096F /* ParseFacebookUtils.framework */,
				CFBD00D8A34A37FEA507AA3C /* libPods-ProjectBook.a */,
			);
			name = Frameworks;
			sourceTree = "<group>";
		};
		CBF2C6171BFD0D8B00BCBCDD /* bookInformationSet */ = {
			isa = PBXGroup;
			children = (
				A7DD3FE71C03717100D13A4B /* bookInformationSet1.txt */,
				A7DD3FE81C03717100D13A4B /* bookInformationSet2.txt */,
				A7DD3FE91C03717100D13A4B /* bookInformationSet3.txt */,
				A7DD3FEA1C03717100D13A4B /* bookInformationSet4.txt */,
				A7DD3FEB1C03717100D13A4B /* bookInformationSet5.txt */,
				A7DD3FEC1C03717100D13A4B /* bookInformationSet6.txt */,
				A7DD3FED1C03717100D13A4B /* bookInformationSet7.txt */,
				A7DD3FEE1C03717100D13A4B /* bookInformationSet8.txt */,
				A7DD3FEF1C03717100D13A4B /* bookInformationSet9.txt */,
				A7DD3FF01C03717100D13A4B /* bookInformationSet10.txt */,
				A7DD3FF11C03717100D13A4B /* bookInformationSet11.txt */,
				A7DD3FF21C03717100D13A4B /* bookInformationSet12.txt */,
				A7DD3FF31C03717100D13A4B /* bookInformationSet13.txt */,
				A7DD3FF41C03717100D13A4B /* bookInformationSet14.txt */,
				A7DD3FF51C03717100D13A4B /* bookInformationSet15.txt */,
				A7DD3FF61C03717100D13A4B /* bookInformationSet16.txt */,
				A7DD3FF71C03717100D13A4B /* bookInformationSet17.txt */,
				A7DD3FF81C03717100D13A4B /* bookInformationSet18.txt */,
				A7DD3FF91C03717100D13A4B /* bookInformationSet19.txt */,
				A7DD3FFA1C03717100D13A4B /* bookInformationSet20.txt */,
			);
			name = bookInformationSet;
			sourceTree = "<group>";
		};
		CBFD3F4D1BFBA076002CE0A4 = {
			isa = PBXGroup;
			children = (
				CBFD3F581BFBA076002CE0A4 /* ProjectBook */,
				CBFD3F751BFBA077002CE0A4 /* ProjectBookTests */,
				CBFD3F801BFBA077002CE0A4 /* ProjectBookUITests */,
				CBFD3F571BFBA076002CE0A4 /* Products */,
				4106D733AAA830B3691BDA27 /* Pods */,
				67D9EF55715E7EB36B72C5A3 /* Frameworks */,
			);
			sourceTree = "<group>";
		};
		CBFD3F571BFBA076002CE0A4 /* Products */ = {
			isa = PBXGroup;
			children = (
				CBFD3F561BFBA076002CE0A4 /* ProjectBook.app */,
				CBFD3F721BFBA077002CE0A4 /* ProjectBookTests.xctest */,
				CBFD3F7D1BFBA077002CE0A4 /* ProjectBookUITests.xctest */,
			);
			name = Products;
			sourceTree = "<group>";
		};
		CBFD3F581BFBA076002CE0A4 /* ProjectBook */ = {
			isa = PBXGroup;
			children = (
				A75AD6381C0C8FE600D4F77F /* DictionaryOfBooksFinal.rtf */,
				CB3C07951C05063A00235D78 /* book.gif */,
				CB3C07961C05063A00235D78 /* hopper.gif */,
				CB3C07971C05063A00235D78 /* hoppers.gif */,
				CB3C07981C05063A00235D78 /* PGBGoodreadsAPIClient.h */,
				CB3C07991C05063A00235D78 /* PGBGoodreadsAPIClient.m */,
				CB3C079A1C05063A00235D78 /* PGBIntroViewController.h */,
				CB3C079B1C05063A00235D78 /* PGBIntroViewController.m */,
				4C25FFA81C03B7FF00B5C8E3 /* CoreDataModel */,
				CBF2C6171BFD0D8B00BCBCDD /* bookInformationSet */,
				4C9597AD1BFBEB2600BBD558 /* RealmModel */,
				CBFD3F5C1BFBA076002CE0A4 /* AppDelegate.h */,
				CBFD3F5D1BFBA076002CE0A4 /* AppDelegate.m */,
				CBF2C61D1BFD1FF300BCBCDD /* PGBHomeViewController.h */,
				CBF2C61E1BFD1FF300BCBCDD /* PGBHomeViewController.m */,
				8902002B1C0CA900001A1ECF /* PGBLoginViewController.h */,
				8902002C1C0CA900001A1ECF /* PGBLoginViewController.m */,
				8902002E1C0CAA10001A1ECF /* PGBSignUpViewController.h */,
				8902002F1C0CAA10001A1ECF /* PGBSignUpViewController.m */,
				890200311C0CF4EB001A1ECF /* profile.storyboard */,
				899A4CF31C0F660200D499C4 /* PGBSettingsTableViewController.h */,
				899A4CF41C0F660200D499C4 /* PGBSettingsTableViewController.m */,
				890200331C0CFD08001A1ECF /* PGBProfileViewController.h */,
				890200341C0CFD08001A1ECF /* PGBProfileViewController.m */,
				CBFD3F8F1BFBB250002CE0A4 /* PGBDownloadHelper.h */,
				CBFD3F901BFBB250002CE0A4 /* PGBDownloadHelper.m */,
				CBF2C6181BFD0DC600BCBCDD /* PGBBookCustomTableCell.h */,
				CBF2C6191BFD0DC600BCBCDD /* PGBBookCustomTableCell.m */,
				CBF2C61B1BFD0E0300BCBCDD /* PGBBookCustomTableCell.xib */,
				CBFD3F621BFBA076002CE0A4 /* Main.storyboard */,
				CBFD3F5F1BFBA076002CE0A4 /* PGBBookPageViewController.h */,
				CBFD3F601BFBA076002CE0A4 /* PGBBookPageViewController.m */,
				A77A08F71BFBE78700CA62F8 /* PGBparsingThroughText.h */,
				A77A08F81BFBE78700CA62F8 /* PGBparsingThroughText.m */,
				CBFD3F681BFBA077002CE0A4 /* Assets.xcassets */,
				CBFD3F6A1BFBA077002CE0A4 /* LaunchScreen.storyboard */,
				CBFD3F6D1BFBA077002CE0A4 /* Info.plist */,
				4C5D94781BFE2E3E0086DB5F /* MyBooksStoryboard.storyboard */,
				4C5D947C1BFE389A0086DB5F /* PGBMyBookViewController.h */,
				4C5D947D1BFE389A0086DB5F /* PGBMyBookViewController.m */,
				4C9D16641C0CF07600DBF989 /* SearchStoryboard.storyboard */,
				4C9D16611C0CF04800DBF989 /* PGBSearchViewController.h */,
				4C9D16621C0CF04800DBF989 /* PGBSearchViewController.m */,
				CBFD3F591BFBA076002CE0A4 /* Supporting Files */,
			);
			path = ProjectBook;
			sourceTree = "<group>";
		};
		CBFD3F591BFBA076002CE0A4 /* Supporting Files */ = {
			isa = PBXGroup;
			children = (
				A7CCEBB91C0CBF8E00CD9B8D /* ProjectBook.sqlite */,
				CBFD3F5A1BFBA076002CE0A4 /* main.m */,
			);
			name = "Supporting Files";
			sourceTree = "<group>";
		};
		CBFD3F751BFBA077002CE0A4 /* ProjectBookTests */ = {
			isa = PBXGroup;
			children = (
				CBFD3F761BFBA077002CE0A4 /* ProjectBookTests.m */,
				CBFD3F781BFBA077002CE0A4 /* Info.plist */,
			);
			path = ProjectBookTests;
			sourceTree = "<group>";
		};
		CBFD3F801BFBA077002CE0A4 /* ProjectBookUITests */ = {
			isa = PBXGroup;
			children = (
				CBFD3F811BFBA077002CE0A4 /* ProjectBookUITests.m */,
				CBFD3F831BFBA077002CE0A4 /* Info.plist */,
			);
			path = ProjectBookUITests;
			sourceTree = "<group>";
		};
/* End PBXGroup section */

/* Begin PBXNativeTarget section */
		CBFD3F551BFBA076002CE0A4 /* ProjectBook */ = {
			isa = PBXNativeTarget;
			buildConfigurationList = CBFD3F861BFBA077002CE0A4 /* Build configuration list for PBXNativeTarget "ProjectBook" */;
			buildPhases = (
				46C146BD0D81A8587F41E81D /* Check Pods Manifest.lock */,
				CBFD3F521BFBA076002CE0A4 /* Sources */,
				CBFD3F531BFBA076002CE0A4 /* Frameworks */,
				CBFD3F541BFBA076002CE0A4 /* Resources */,
				EDBC7E4402A43EC4D3D5591E /* Copy Pods Resources */,
				324376199CFCAF3B18FFE4B4 /* Embed Pods Frameworks */,
			);
			buildRules = (
			);
			dependencies = (
			);
			name = ProjectBook;
			productName = ProjectBook;
			productReference = CBFD3F561BFBA076002CE0A4 /* ProjectBook.app */;
			productType = "com.apple.product-type.application";
		};
		CBFD3F711BFBA077002CE0A4 /* ProjectBookTests */ = {
			isa = PBXNativeTarget;
			buildConfigurationList = CBFD3F891BFBA077002CE0A4 /* Build configuration list for PBXNativeTarget "ProjectBookTests" */;
			buildPhases = (
				CBFD3F6E1BFBA077002CE0A4 /* Sources */,
				CBFD3F6F1BFBA077002CE0A4 /* Frameworks */,
				CBFD3F701BFBA077002CE0A4 /* Resources */,
			);
			buildRules = (
			);
			dependencies = (
				CBFD3F741BFBA077002CE0A4 /* PBXTargetDependency */,
			);
			name = ProjectBookTests;
			productName = ProjectBookTests;
			productReference = CBFD3F721BFBA077002CE0A4 /* ProjectBookTests.xctest */;
			productType = "com.apple.product-type.bundle.unit-test";
		};
		CBFD3F7C1BFBA077002CE0A4 /* ProjectBookUITests */ = {
			isa = PBXNativeTarget;
			buildConfigurationList = CBFD3F8C1BFBA077002CE0A4 /* Build configuration list for PBXNativeTarget "ProjectBookUITests" */;
			buildPhases = (
				CBFD3F791BFBA077002CE0A4 /* Sources */,
				CBFD3F7A1BFBA077002CE0A4 /* Frameworks */,
				CBFD3F7B1BFBA077002CE0A4 /* Resources */,
			);
			buildRules = (
			);
			dependencies = (
				CBFD3F7F1BFBA077002CE0A4 /* PBXTargetDependency */,
			);
			name = ProjectBookUITests;
			productName = ProjectBookUITests;
			productReference = CBFD3F7D1BFBA077002CE0A4 /* ProjectBookUITests.xctest */;
			productType = "com.apple.product-type.bundle.ui-testing";
		};
/* End PBXNativeTarget section */

/* Begin PBXProject section */
		CBFD3F4E1BFBA076002CE0A4 /* Project object */ = {
			isa = PBXProject;
			attributes = {
				LastUpgradeCheck = 0710;
				ORGANIZATIONNAME = FIS;
				TargetAttributes = {
					CBFD3F551BFBA076002CE0A4 = {
						CreatedOnToolsVersion = 7.1;
						DevelopmentTeam = 9YUT5P277S;
					};
					CBFD3F711BFBA077002CE0A4 = {
						CreatedOnToolsVersion = 7.1;
						DevelopmentTeam = 652FKRA3R9;
						TestTargetID = CBFD3F551BFBA076002CE0A4;
					};
					CBFD3F7C1BFBA077002CE0A4 = {
						CreatedOnToolsVersion = 7.1;
						DevelopmentTeam = 652FKRA3R9;
						TestTargetID = CBFD3F551BFBA076002CE0A4;
					};
				};
			};
			buildConfigurationList = CBFD3F511BFBA076002CE0A4 /* Build configuration list for PBXProject "ProjectBook" */;
			compatibilityVersion = "Xcode 3.2";
			developmentRegion = English;
			hasScannedForEncodings = 0;
			knownRegions = (
				en,
				Base,
			);
			mainGroup = CBFD3F4D1BFBA076002CE0A4;
			productRefGroup = CBFD3F571BFBA076002CE0A4 /* Products */;
			projectDirPath = "";
			projectRoot = "";
			targets = (
				CBFD3F551BFBA076002CE0A4 /* ProjectBook */,
				CBFD3F711BFBA077002CE0A4 /* ProjectBookTests */,
				CBFD3F7C1BFBA077002CE0A4 /* ProjectBookUITests */,
			);
		};
/* End PBXProject section */

/* Begin PBXResourcesBuildPhase section */
		CBFD3F541BFBA076002CE0A4 /* Resources */ = {
			isa = PBXResourcesBuildPhase;
			buildActionMask = 2147483647;
			files = (
				CBF2C61C1BFD0E0300BCBCDD /* PGBBookCustomTableCell.xib in Resources */,
				4C9D16651C0CF07600DBF989 /* SearchStoryboard.storyboard in Resources */,
				A7DD400A1C03717100D13A4B /* bookInformationSet16.txt in Resources */,
				A7DD40071C03717100D13A4B /* bookInformationSet13.txt in Resources */,
				CBFD3F6C1BFBA077002CE0A4 /* LaunchScreen.storyboard in Resources */,
				CBFD3F691BFBA077002CE0A4 /* Assets.xcassets in Resources */,
				890200321C0CF4EB001A1ECF /* profile.storyboard in Resources */,
				A7DD40001C03717100D13A4B /* bookInformationSet6.txt in Resources */,
				CBFD3F641BFBA076002CE0A4 /* Main.storyboard in Resources */,
				A7DD40051C03717100D13A4B /* bookInformationSet11.txt in Resources */,
				A7DD40061C03717100D13A4B /* bookInformationSet12.txt in Resources */,
				A7DD40011C03717100D13A4B /* bookInformationSet7.txt in Resources */,
				A7DD3FFC1C03717100D13A4B /* bookInformationSet2.txt in Resources */,
				A7DD400C1C03717100D13A4B /* bookInformationSet18.txt in Resources */,
				A7DD40081C03717100D13A4B /* bookInformationSet14.txt in Resources */,
				A7DD400D1C03717100D13A4B /* bookInformationSet19.txt in Resources */,
				A7DD3FFF1C03717100D13A4B /* bookInformationSet5.txt in Resources */,
				A7DD3FFD1C03717100D13A4B /* bookInformationSet3.txt in Resources */,
				CB3C079D1C05063A00235D78 /* hopper.gif in Resources */,
				CB3C079C1C05063A00235D78 /* book.gif in Resources */,
				A7DD40091C03717100D13A4B /* bookInformationSet15.txt in Resources */,
				4C5D94791BFE2E3E0086DB5F /* MyBooksStoryboard.storyboard in Resources */,
				CB3C079E1C05063A00235D78 /* hoppers.gif in Resources */,
				A7DD400E1C03717100D13A4B /* bookInformationSet20.txt in Resources */,
				A7CCEBBA1C0CBF8E00CD9B8D /* ProjectBook.sqlite in Resources */,
				A7DD40021C03717100D13A4B /* bookInformationSet8.txt in Resources */,
				A7DD40031C03717100D13A4B /* bookInformationSet9.txt in Resources */,
				A7DD3FFB1C03717100D13A4B /* bookInformationSet1.txt in Resources */,
				A75AD6391C0C8FE600D4F77F /* DictionaryOfBooksFinal.rtf in Resources */,
				A7DD40041C03717100D13A4B /* bookInformationSet10.txt in Resources */,
				A7DD3FFE1C03717100D13A4B /* bookInformationSet4.txt in Resources */,
				A7DD400B1C03717100D13A4B /* bookInformationSet17.txt in Resources */,
			);
			runOnlyForDeploymentPostprocessing = 0;
		};
		CBFD3F701BFBA077002CE0A4 /* Resources */ = {
			isa = PBXResourcesBuildPhase;
			buildActionMask = 2147483647;
			files = (
			);
			runOnlyForDeploymentPostprocessing = 0;
		};
		CBFD3F7B1BFBA077002CE0A4 /* Resources */ = {
			isa = PBXResourcesBuildPhase;
			buildActionMask = 2147483647;
			files = (
			);
			runOnlyForDeploymentPostprocessing = 0;
		};
/* End PBXResourcesBuildPhase section */

/* Begin PBXShellScriptBuildPhase section */
		324376199CFCAF3B18FFE4B4 /* Embed Pods Frameworks */ = {
			isa = PBXShellScriptBuildPhase;
			buildActionMask = 2147483647;
			files = (
			);
			inputPaths = (
			);
			name = "Embed Pods Frameworks";
			outputPaths = (
			);
			runOnlyForDeploymentPostprocessing = 0;
			shellPath = /bin/sh;
			shellScript = "\"${SRCROOT}/Pods/Target Support Files/Pods-ProjectBook/Pods-ProjectBook-frameworks.sh\"\n";
			showEnvVarsInLog = 0;
		};
		46C146BD0D81A8587F41E81D /* Check Pods Manifest.lock */ = {
			isa = PBXShellScriptBuildPhase;
			buildActionMask = 2147483647;
			files = (
			);
			inputPaths = (
			);
			name = "Check Pods Manifest.lock";
			outputPaths = (
			);
			runOnlyForDeploymentPostprocessing = 0;
			shellPath = /bin/sh;
			shellScript = "diff \"${PODS_ROOT}/../Podfile.lock\" \"${PODS_ROOT}/Manifest.lock\" > /dev/null\nif [[ $? != 0 ]] ; then\n    cat << EOM\nerror: The sandbox is not in sync with the Podfile.lock. Run 'pod install' or update your CocoaPods installation.\nEOM\n    exit 1\nfi\n";
			showEnvVarsInLog = 0;
		};
		EDBC7E4402A43EC4D3D5591E /* Copy Pods Resources */ = {
			isa = PBXShellScriptBuildPhase;
			buildActionMask = 2147483647;
			files = (
			);
			inputPaths = (
			);
			name = "Copy Pods Resources";
			outputPaths = (
			);
			runOnlyForDeploymentPostprocessing = 0;
			shellPath = /bin/sh;
			shellScript = "\"${SRCROOT}/Pods/Target Support Files/Pods-ProjectBook/Pods-ProjectBook-resources.sh\"\n";
			showEnvVarsInLog = 0;
		};
/* End PBXShellScriptBuildPhase section */

/* Begin PBXSourcesBuildPhase section */
		CBFD3F521BFBA076002CE0A4 /* Sources */ = {
			isa = PBXSourcesBuildPhase;
			buildActionMask = 2147483647;
			files = (
				CBF2C61F1BFD1FF300BCBCDD /* PGBHomeViewController.m in Sources */,
				4C9D16631C0CF04800DBF989 /* PGBSearchViewController.m in Sources */,
				CBF2C61A1BFD0DC600BCBCDD /* PGBBookCustomTableCell.m in Sources */,
				CBFD3F611BFBA076002CE0A4 /* PGBBookPageViewController.m in Sources */,
				4C5D947E1BFE389A0086DB5F /* PGBMyBookViewController.m in Sources */,
				CBFD3F5E1BFBA076002CE0A4 /* AppDelegate.m in Sources */,
				CBFD3F911BFBB250002CE0A4 /* PGBDownloadHelper.m in Sources */,
				4C9597AB1BFBEB2000BBD558 /* PGBRealmUser.m in Sources */,
				A77A08F91BFBE78700CA62F8 /* PGBparsingThroughText.m in Sources */,
				4C25FFAB1C03B83B00B5C8E3 /* PGBDataStore.m in Sources */,
				CBFD3F671BFBA076002CE0A4 /* ProjectBook.xcdatamodeld in Sources */,
				4C25FFA71C03B7E200B5C8E3 /* Book.m in Sources */,
				CB3C07A01C05063A00235D78 /* PGBIntroViewController.m in Sources */,
				4C9597AC1BFBEB2000BBD558 /* PGBRealmBook.m in Sources */,
				890200351C0CFD08001A1ECF /* PGBProfileViewController.m in Sources */,
				CBFD3F5B1BFBA076002CE0A4 /* main.m in Sources */,
				890200301C0CAA10001A1ECF /* PGBSignUpViewController.m in Sources */,
				CB3C079F1C05063A00235D78 /* PGBGoodreadsAPIClient.m in Sources */,
				8902002D1C0CA900001A1ECF /* PGBLoginViewController.m in Sources */,
				4C25FFA61C03B7E200B5C8E3 /* Book+CoreDataProperties.m in Sources */,
				899A4CF51C0F660200D499C4 /* PGBSettingsTableViewController.m in Sources */,
			);
			runOnlyForDeploymentPostprocessing = 0;
		};
		CBFD3F6E1BFBA077002CE0A4 /* Sources */ = {
			isa = PBXSourcesBuildPhase;
			buildActionMask = 2147483647;
			files = (
				CBFD3F771BFBA077002CE0A4 /* ProjectBookTests.m in Sources */,
			);
			runOnlyForDeploymentPostprocessing = 0;
		};
		CBFD3F791BFBA077002CE0A4 /* Sources */ = {
			isa = PBXSourcesBuildPhase;
			buildActionMask = 2147483647;
			files = (
				CBFD3F821BFBA077002CE0A4 /* ProjectBookUITests.m in Sources */,
			);
			runOnlyForDeploymentPostprocessing = 0;
		};
/* End PBXSourcesBuildPhase section */

/* Begin PBXTargetDependency section */
		CBFD3F741BFBA077002CE0A4 /* PBXTargetDependency */ = {
			isa = PBXTargetDependency;
			target = CBFD3F551BFBA076002CE0A4 /* ProjectBook */;
			targetProxy = CBFD3F731BFBA077002CE0A4 /* PBXContainerItemProxy */;
		};
		CBFD3F7F1BFBA077002CE0A4 /* PBXTargetDependency */ = {
			isa = PBXTargetDependency;
			target = CBFD3F551BFBA076002CE0A4 /* ProjectBook */;
			targetProxy = CBFD3F7E1BFBA077002CE0A4 /* PBXContainerItemProxy */;
		};
/* End PBXTargetDependency section */

/* Begin PBXVariantGroup section */
		CBFD3F621BFBA076002CE0A4 /* Main.storyboard */ = {
			isa = PBXVariantGroup;
			children = (
				CBFD3F631BFBA076002CE0A4 /* Base */,
			);
			name = Main.storyboard;
			sourceTree = "<group>";
		};
		CBFD3F6A1BFBA077002CE0A4 /* LaunchScreen.storyboard */ = {
			isa = PBXVariantGroup;
			children = (
				CBFD3F6B1BFBA077002CE0A4 /* Base */,
			);
			name = LaunchScreen.storyboard;
			sourceTree = "<group>";
		};
/* End PBXVariantGroup section */

/* Begin XCBuildConfiguration section */
		CBFD3F841BFBA077002CE0A4 /* Debug */ = {
			isa = XCBuildConfiguration;
			buildSettings = {
				ALWAYS_SEARCH_USER_PATHS = NO;
				CLANG_CXX_LANGUAGE_STANDARD = "gnu++0x";
				CLANG_CXX_LIBRARY = "libc++";
				CLANG_ENABLE_MODULES = YES;
				CLANG_ENABLE_OBJC_ARC = YES;
				CLANG_WARN_BOOL_CONVERSION = YES;
				CLANG_WARN_CONSTANT_CONVERSION = YES;
				CLANG_WARN_DIRECT_OBJC_ISA_USAGE = YES_ERROR;
				CLANG_WARN_EMPTY_BODY = YES;
				CLANG_WARN_ENUM_CONVERSION = YES;
				CLANG_WARN_INT_CONVERSION = YES;
				CLANG_WARN_OBJC_ROOT_CLASS = YES_ERROR;
				CLANG_WARN_UNREACHABLE_CODE = YES;
				CLANG_WARN__DUPLICATE_METHOD_MATCH = YES;
				"CODE_SIGN_IDENTITY[sdk=iphoneos*]" = "iPhone Developer";
				COPY_PHASE_STRIP = NO;
				DEBUG_INFORMATION_FORMAT = dwarf;
				ENABLE_STRICT_OBJC_MSGSEND = YES;
				ENABLE_TESTABILITY = YES;
				GCC_C_LANGUAGE_STANDARD = gnu99;
				GCC_DYNAMIC_NO_PIC = NO;
				GCC_NO_COMMON_BLOCKS = YES;
				GCC_OPTIMIZATION_LEVEL = 0;
				GCC_PREPROCESSOR_DEFINITIONS = (
					"DEBUG=1",
					"$(inherited)",
				);
				GCC_WARN_64_TO_32_BIT_CONVERSION = YES;
				GCC_WARN_ABOUT_RETURN_TYPE = YES_ERROR;
				GCC_WARN_UNDECLARED_SELECTOR = YES;
				GCC_WARN_UNINITIALIZED_AUTOS = YES_AGGRESSIVE;
				GCC_WARN_UNUSED_FUNCTION = YES;
				GCC_WARN_UNUSED_VARIABLE = YES;
				IPHONEOS_DEPLOYMENT_TARGET = 9.1;
				MTL_ENABLE_DEBUG_INFO = YES;
				ONLY_ACTIVE_ARCH = YES;
				SDKROOT = iphoneos;
				TARGETED_DEVICE_FAMILY = "1,2";
			};
			name = Debug;
		};
		CBFD3F851BFBA077002CE0A4 /* Release */ = {
			isa = XCBuildConfiguration;
			buildSettings = {
				ALWAYS_SEARCH_USER_PATHS = NO;
				CLANG_CXX_LANGUAGE_STANDARD = "gnu++0x";
				CLANG_CXX_LIBRARY = "libc++";
				CLANG_ENABLE_MODULES = YES;
				CLANG_ENABLE_OBJC_ARC = YES;
				CLANG_WARN_BOOL_CONVERSION = YES;
				CLANG_WARN_CONSTANT_CONVERSION = YES;
				CLANG_WARN_DIRECT_OBJC_ISA_USAGE = YES_ERROR;
				CLANG_WARN_EMPTY_BODY = YES;
				CLANG_WARN_ENUM_CONVERSION = YES;
				CLANG_WARN_INT_CONVERSION = YES;
				CLANG_WARN_OBJC_ROOT_CLASS = YES_ERROR;
				CLANG_WARN_UNREACHABLE_CODE = YES;
				CLANG_WARN__DUPLICATE_METHOD_MATCH = YES;
				"CODE_SIGN_IDENTITY[sdk=iphoneos*]" = "iPhone Developer";
				COPY_PHASE_STRIP = NO;
				DEBUG_INFORMATION_FORMAT = "dwarf-with-dsym";
				ENABLE_NS_ASSERTIONS = NO;
				ENABLE_STRICT_OBJC_MSGSEND = YES;
				GCC_C_LANGUAGE_STANDARD = gnu99;
				GCC_NO_COMMON_BLOCKS = YES;
				GCC_WARN_64_TO_32_BIT_CONVERSION = YES;
				GCC_WARN_ABOUT_RETURN_TYPE = YES_ERROR;
				GCC_WARN_UNDECLARED_SELECTOR = YES;
				GCC_WARN_UNINITIALIZED_AUTOS = YES_AGGRESSIVE;
				GCC_WARN_UNUSED_FUNCTION = YES;
				GCC_WARN_UNUSED_VARIABLE = YES;
				IPHONEOS_DEPLOYMENT_TARGET = 9.1;
				MTL_ENABLE_DEBUG_INFO = NO;
				SDKROOT = iphoneos;
				TARGETED_DEVICE_FAMILY = "1,2";
				VALIDATE_PRODUCT = YES;
			};
			name = Release;
		};
		CBFD3F871BFBA077002CE0A4 /* Debug */ = {
			isa = XCBuildConfiguration;
			baseConfigurationReference = F6D5D825C0751CEEFFC1E7B5 /* Pods-ProjectBook.debug.xcconfig */;
			buildSettings = {
				ASSETCATALOG_COMPILER_APPICON_NAME = AppIcon;
				CODE_SIGN_IDENTITY = "iPhone Developer";
				"CODE_SIGN_IDENTITY[sdk=iphoneos*]" = "iPhone Developer";
				INFOPLIST_FILE = ProjectBook/Info.plist;
				LD_RUNPATH_SEARCH_PATHS = "$(inherited) @executable_path/Frameworks";
				PRODUCT_BUNDLE_IDENTIFIER = "com.github-wojunfeng.learn-co-students.ios-0915-team-radio.ProjectBook";
				PRODUCT_NAME = "$(TARGET_NAME)";
				PROVISIONING_PROFILE = "";
				TARGETED_DEVICE_FAMILY = 1;
			};
			name = Debug;
		};
		CBFD3F881BFBA077002CE0A4 /* Release */ = {
			isa = XCBuildConfiguration;
			baseConfigurationReference = 9F9EB7044D37743BC3F8BBF8 /* Pods-ProjectBook.release.xcconfig */;
			buildSettings = {
				ASSETCATALOG_COMPILER_APPICON_NAME = AppIcon;
				CODE_SIGN_IDENTITY = "iPhone Developer";
				"CODE_SIGN_IDENTITY[sdk=iphoneos*]" = "iPhone Developer";
				INFOPLIST_FILE = ProjectBook/Info.plist;
				LD_RUNPATH_SEARCH_PATHS = "$(inherited) @executable_path/Frameworks";
				PRODUCT_BUNDLE_IDENTIFIER = "com.github-wojunfeng.learn-co-students.ios-0915-team-radio.ProjectBook";
				PRODUCT_NAME = "$(TARGET_NAME)";
				PROVISIONING_PROFILE = "";
				TARGETED_DEVICE_FAMILY = 1;
			};
			name = Release;
		};
		CBFD3F8A1BFBA077002CE0A4 /* Debug */ = {
			isa = XCBuildConfiguration;
			buildSettings = {
				BUNDLE_LOADER = "$(TEST_HOST)";
				INFOPLIST_FILE = ProjectBookTests/Info.plist;
				LD_RUNPATH_SEARCH_PATHS = "$(inherited) @executable_path/Frameworks @loader_path/Frameworks";
				PRODUCT_BUNDLE_IDENTIFIER = "com.github.learn-co-students.ios-0915-team-radio.ProjectBookTests";
				PRODUCT_NAME = "$(TARGET_NAME)";
				TEST_HOST = "$(BUILT_PRODUCTS_DIR)/ProjectBook.app/ProjectBook";
			};
			name = Debug;
		};
		CBFD3F8B1BFBA077002CE0A4 /* Release */ = {
			isa = XCBuildConfiguration;
			buildSettings = {
				BUNDLE_LOADER = "$(TEST_HOST)";
				INFOPLIST_FILE = ProjectBookTests/Info.plist;
				LD_RUNPATH_SEARCH_PATHS = "$(inherited) @executable_path/Frameworks @loader_path/Frameworks";
				PRODUCT_BUNDLE_IDENTIFIER = "com.github.learn-co-students.ios-0915-team-radio.ProjectBookTests";
				PRODUCT_NAME = "$(TARGET_NAME)";
				TEST_HOST = "$(BUILT_PRODUCTS_DIR)/ProjectBook.app/ProjectBook";
			};
			name = Release;
		};
		CBFD3F8D1BFBA077002CE0A4 /* Debug */ = {
			isa = XCBuildConfiguration;
			buildSettings = {
				INFOPLIST_FILE = ProjectBookUITests/Info.plist;
				LD_RUNPATH_SEARCH_PATHS = "$(inherited) @executable_path/Frameworks @loader_path/Frameworks";
				PRODUCT_BUNDLE_IDENTIFIER = "com.github.learn-co-students.ios-0915-team-radio.ProjectBookUITests";
				PRODUCT_NAME = "$(TARGET_NAME)";
				TEST_TARGET_NAME = ProjectBook;
				USES_XCTRUNNER = YES;
			};
			name = Debug;
		};
		CBFD3F8E1BFBA077002CE0A4 /* Release */ = {
			isa = XCBuildConfiguration;
			buildSettings = {
				INFOPLIST_FILE = ProjectBookUITests/Info.plist;
				LD_RUNPATH_SEARCH_PATHS = "$(inherited) @executable_path/Frameworks @loader_path/Frameworks";
				PRODUCT_BUNDLE_IDENTIFIER = "com.github.learn-co-students.ios-0915-team-radio.ProjectBookUITests";
				PRODUCT_NAME = "$(TARGET_NAME)";
				TEST_TARGET_NAME = ProjectBook;
				USES_XCTRUNNER = YES;
			};
			name = Release;
		};
/* End XCBuildConfiguration section */

/* Begin XCConfigurationList section */
		CBFD3F511BFBA076002CE0A4 /* Build configuration list for PBXProject "ProjectBook" */ = {
			isa = XCConfigurationList;
			buildConfigurations = (
				CBFD3F841BFBA077002CE0A4 /* Debug */,
				CBFD3F851BFBA077002CE0A4 /* Release */,
			);
			defaultConfigurationIsVisible = 0;
			defaultConfigurationName = Release;
		};
		CBFD3F861BFBA077002CE0A4 /* Build configuration list for PBXNativeTarget "ProjectBook" */ = {
			isa = XCConfigurationList;
			buildConfigurations = (
				CBFD3F871BFBA077002CE0A4 /* Debug */,
				CBFD3F881BFBA077002CE0A4 /* Release */,
			);
			defaultConfigurationIsVisible = 0;
			defaultConfigurationName = Release;
		};
		CBFD3F891BFBA077002CE0A4 /* Build configuration list for PBXNativeTarget "ProjectBookTests" */ = {
			isa = XCConfigurationList;
			buildConfigurations = (
				CBFD3F8A1BFBA077002CE0A4 /* Debug */,
				CBFD3F8B1BFBA077002CE0A4 /* Release */,
			);
			defaultConfigurationIsVisible = 0;
			defaultConfigurationName = Release;
		};
		CBFD3F8C1BFBA077002CE0A4 /* Build configuration list for PBXNativeTarget "ProjectBookUITests" */ = {
			isa = XCConfigurationList;
			buildConfigurations = (
				CBFD3F8D1BFBA077002CE0A4 /* Debug */,
				CBFD3F8E1BFBA077002CE0A4 /* Release */,
			);
			defaultConfigurationIsVisible = 0;
			defaultConfigurationName = Release;
		};
/* End XCConfigurationList section */

/* Begin XCVersionGroup section */
		CBFD3F651BFBA076002CE0A4 /* ProjectBook.xcdatamodeld */ = {
			isa = XCVersionGroup;
			children = (
				CBFD3F661BFBA076002CE0A4 /* ProjectBook.xcdatamodel */,
			);
			currentVersion = CBFD3F661BFBA076002CE0A4 /* ProjectBook.xcdatamodel */;
			path = ProjectBook.xcdatamodeld;
			sourceTree = "<group>";
			versionGroupType = wrapper.xcdatamodel;
		};
/* End XCVersionGroup section */
	};
	rootObject = CBFD3F4E1BFBA076002CE0A4 /* Project object */;
}
